# This file is automatically @generated by Cargo.
# It is not intended for manual editing.
[[package]]
name = "journalctl-sys"
version = "0.1.0"
dependencies = [
 "pkg-config",
]

[[package]]
name = "pkg-config"
version = "0.3.18"
source = "registry+https://github.com/rust-lang/crates.io-index"
checksum = "d36492546b6af1463394d46f0c834346f31548646f6ba10849802c9c9a27ac33"
